
Microsoft Visual Studio Solution File, Format Version 12.00
# Visual Studio Version 16
VisualStudioVersion = 16.0.36631.11
MinimumVisualStudioVersion = 10.0.40219.1
Project("{FAE04EC0-301F-11D3-BF4B-00C04F79EFBC}") = "LogisticsTrackingSystem", "LogisticsTrackingSystem\LogisticsTrackingSystem.csproj", "{EFFB2E69-A33A-4AB4-A9BE-902A97E83648}"
EndProject
Global
	GlobalSection(SolutionConfigurationPlatforms) = preSolution
		Debug|Any CPU = Debug|Any CPU
		Release|Any CPU = Release|Any CPU
	EndGlobalSection
	GlobalSection(ProjectConfigurationPlatforms) = postSolution
		{EFFB2E69-A33A-4AB4-A9BE-902A97E83648}.Debug|Any CPU.ActiveCfg = Debug|Any CPU
		{EFFB2E69-A33A-4AB4-A9BE-902A97E83648}.Debug|Any CPU.Build.0 = Debug|Any CPU
		{EFFB2E69-A33A-4AB4-A9BE-902A97E83648}.Release|Any CPU.ActiveCfg = Release|Any CPU
		{EFFB2E69-A33A-4AB4-A9BE-902A97E83648}.Release|Any CPU.Build.0 = Release|Any CPU
	EndGlobalSection
	GlobalSection(SolutionProperties) = preSolution
		HideSolutionNode = FALSE
	EndGlobalSection
	GlobalSection(ExtensibilityGlobals) = postSolution
		SolutionGuid = {E2B8370B-F065-40FF-BA19-3BE5A7A756DC}
	EndGlobalSection
EndGlobal
